
Microsoft Visual Studio Solution File, Format Version 12.00
# Visual Studio 2013
VisualStudioVersion = 12.0.31101.0
MinimumVisualStudioVersion = 10.0.40219.1
Project("{FAE04EC0-301F-11D3-BF4B-00C04F79EFBC}") = "WCFServicios", "WCFServicios\WCFServicios.csproj", "{6477FE19-D2EA-462C-AF12-9BFC1DC33577}"
EndProject
Project("{FAE04EC0-301F-11D3-BF4B-00C04F79EFBC}") = "Test", "Test\Test.csproj", "{72486532-3AC1-408C-805E-CD86744E538C}"
	ProjectSection(ProjectDependencies) = postProject
		{6477FE19-D2EA-462C-AF12-9BFC1DC33577} = {6477FE19-D2EA-462C-AF12-9BFC1DC33577}
	EndProjectSection
EndProject
Global
	GlobalSection(SolutionConfigurationPlatforms) = preSolution
		Debug|Any CPU = Debug|Any CPU
		Release|Any CPU = Release|Any CPU
	EndGlobalSection
	GlobalSection(ProjectConfigurationPlatforms) = postSolution
		{6477FE19-D2EA-462C-AF12-9BFC1DC33577}.Debug|Any CPU.ActiveCfg = Debug|Any CPU
		{6477FE19-D2EA-462C-AF12-9BFC1DC33577}.Debug|Any CPU.Build.0 = Debug|Any CPU
		{6477FE19-D2EA-462C-AF12-9BFC1DC33577}.Release|Any CPU.ActiveCfg = Release|Any CPU
		{6477FE19-D2EA-462C-AF12-9BFC1DC33577}.Release|Any CPU.Build.0 = Release|Any CPU
		{72486532-3AC1-408C-805E-CD86744E538C}.Debug|Any CPU.ActiveCfg = Debug|Any CPU
		{72486532-3AC1-408C-805E-CD86744E538C}.Debug|Any CPU.Build.0 = Debug|Any CPU
		{72486532-3AC1-408C-805E-CD86744E538C}.Release|Any CPU.ActiveCfg = Release|Any CPU
		{72486532-3AC1-408C-805E-CD86744E538C}.Release|Any CPU.Build.0 = Release|Any CPU
	EndGlobalSection
	GlobalSection(SolutionProperties) = preSolution
		HideSolutionNode = FALSE
	EndGlobalSection
EndGlobal
